
Microsoft Visual Studio Solution File, Format Version 12.00
# Visual Studio Version 17
VisualStudioVersion = 17.0.32112.339
MinimumVisualStudioVersion = 10.0.40219.1
Project("{FAE04EC0-301F-11D3-BF4B-00C04F79EFBC}") = "Day7 project2", "Day7 project2\Day7 project2.csproj", "{50649D2A-55B1-47A9-83D4-687C8C667CA3}"
EndProject
Global
	GlobalSection(SolutionConfigurationPlatforms) = preSolution
		Debug|Any CPU = Debug|Any CPU
		Release|Any CPU = Release|Any CPU
	EndGlobalSection
	GlobalSection(ProjectConfigurationPlatforms) = postSolution
		{50649D2A-55B1-47A9-83D4-687C8C667CA3}.Debug|Any CPU.ActiveCfg = Debug|Any CPU
		{50649D2A-55B1-47A9-83D4-687C8C667CA3}.Debug|Any CPU.Build.0 = Debug|Any CPU
		{50649D2A-55B1-47A9-83D4-687C8C667CA3}.Release|Any CPU.ActiveCfg = Release|Any CPU
		{50649D2A-55B1-47A9-83D4-687C8C667CA3}.Release|Any CPU.Build.0 = Release|Any CPU
	EndGlobalSection
	GlobalSection(SolutionProperties) = preSolution
		HideSolutionNode = FALSE
	EndGlobalSection
	GlobalSection(ExtensibilityGlobals) = postSolution
		SolutionGuid = {7D785127-10D3-4F9E-8AB5-F031233AA896}
	EndGlobalSection
EndGlobal
