
Microsoft Visual Studio Solution File, Format Version 12.00
# Visual Studio Version 17
VisualStudioVersion = 17.0.32112.339
MinimumVisualStudioVersion = 10.0.40219.1
Project("{FAE04EC0-301F-11D3-BF4B-00C04F79EFBC}") = "Listint and read 5 values", "Listint and read 5 values\Listint and read 5 values.csproj", "{FC055441-B4A0-44A0-975E-3767B3636484}"
EndProject
Global
	GlobalSection(SolutionConfigurationPlatforms) = preSolution
		Debug|Any CPU = Debug|Any CPU
		Release|Any CPU = Release|Any CPU
	EndGlobalSection
	GlobalSection(ProjectConfigurationPlatforms) = postSolution
		{FC055441-B4A0-44A0-975E-3767B3636484}.Debug|Any CPU.ActiveCfg = Debug|Any CPU
		{FC055441-B4A0-44A0-975E-3767B3636484}.Debug|Any CPU.Build.0 = Debug|Any CPU
		{FC055441-B4A0-44A0-975E-3767B3636484}.Release|Any CPU.ActiveCfg = Release|Any CPU
		{FC055441-B4A0-44A0-975E-3767B3636484}.Release|Any CPU.Build.0 = Release|Any CPU
	EndGlobalSection
	GlobalSection(SolutionProperties) = preSolution
		HideSolutionNode = FALSE
	EndGlobalSection
	GlobalSection(ExtensibilityGlobals) = postSolution
		SolutionGuid = {8F4E2E7A-0EF6-4DB6-968B-2D27BB215EF4}
	EndGlobalSection
EndGlobal
