
Microsoft Visual Studio Solution File, Format Version 12.00
# Visual Studio Version 17
VisualStudioVersion = 17.0.32112.339
MinimumVisualStudioVersion = 10.0.40219.1
Project("{FAE04EC0-301F-11D3-BF4B-00C04F79EFBC}") = "Day8 project5", "Day8 project5\Day8 project5.csproj", "{231581BD-5AD2-46A0-A8E2-E38419EE116C}"
EndProject
Global
	GlobalSection(SolutionConfigurationPlatforms) = preSolution
		Debug|Any CPU = Debug|Any CPU
		Release|Any CPU = Release|Any CPU
	EndGlobalSection
	GlobalSection(ProjectConfigurationPlatforms) = postSolution
		{231581BD-5AD2-46A0-A8E2-E38419EE116C}.Debug|Any CPU.ActiveCfg = Debug|Any CPU
		{231581BD-5AD2-46A0-A8E2-E38419EE116C}.Debug|Any CPU.Build.0 = Debug|Any CPU
		{231581BD-5AD2-46A0-A8E2-E38419EE116C}.Release|Any CPU.ActiveCfg = Release|Any CPU
		{231581BD-5AD2-46A0-A8E2-E38419EE116C}.Release|Any CPU.Build.0 = Release|Any CPU
	EndGlobalSection
	GlobalSection(SolutionProperties) = preSolution
		HideSolutionNode = FALSE
	EndGlobalSection
	GlobalSection(ExtensibilityGlobals) = postSolution
		SolutionGuid = {BEF293A3-AEF2-4106-B1D8-F44711A9B8AA}
	EndGlobalSection
EndGlobal
