
Microsoft Visual Studio Solution File, Format Version 12.00
# Visual Studio Version 17
VisualStudioVersion = 17.0.32112.339
MinimumVisualStudioVersion = 10.0.40219.1
Project("{FAE04EC0-301F-11D3-BF4B-00C04F79EFBC}") = "Bhanulibrary", "Bhanulibrary\Bhanulibrary.csproj", "{D619BA1C-FF74-41BC-A55A-B1383F83AA82}"
EndProject
Project("{FAE04EC0-301F-11D3-BF4B-00C04F79EFBC}") = "Publiclibrary", "Publiclibrary\Publiclibrary.csproj", "{994D7FD0-FE4F-4D59-B1F0-A88DCBB47A56}"
EndProject
Global
	GlobalSection(SolutionConfigurationPlatforms) = preSolution
		Debug|Any CPU = Debug|Any CPU
		Release|Any CPU = Release|Any CPU
	EndGlobalSection
	GlobalSection(ProjectConfigurationPlatforms) = postSolution
		{D619BA1C-FF74-41BC-A55A-B1383F83AA82}.Debug|Any CPU.ActiveCfg = Debug|Any CPU
		{D619BA1C-FF74-41BC-A55A-B1383F83AA82}.Debug|Any CPU.Build.0 = Debug|Any CPU
		{D619BA1C-FF74-41BC-A55A-B1383F83AA82}.Release|Any CPU.ActiveCfg = Release|Any CPU
		{D619BA1C-FF74-41BC-A55A-B1383F83AA82}.Release|Any CPU.Build.0 = Release|Any CPU
		{994D7FD0-FE4F-4D59-B1F0-A88DCBB47A56}.Debug|Any CPU.ActiveCfg = Debug|Any CPU
		{994D7FD0-FE4F-4D59-B1F0-A88DCBB47A56}.Debug|Any CPU.Build.0 = Debug|Any CPU
		{994D7FD0-FE4F-4D59-B1F0-A88DCBB47A56}.Release|Any CPU.ActiveCfg = Release|Any CPU
		{994D7FD0-FE4F-4D59-B1F0-A88DCBB47A56}.Release|Any CPU.Build.0 = Release|Any CPU
	EndGlobalSection
	GlobalSection(SolutionProperties) = preSolution
		HideSolutionNode = FALSE
	EndGlobalSection
	GlobalSection(ExtensibilityGlobals) = postSolution
		SolutionGuid = {ABF6157B-34EF-468A-B7B2-99EFFCB36C61}
	EndGlobalSection
EndGlobal
