
Microsoft Visual Studio Solution File, Format Version 12.00
# Visual Studio Version 17
VisualStudioVersion = 17.0.32112.339
MinimumVisualStudioVersion = 10.0.40219.1
Project("{FAE04EC0-301F-11D3-BF4B-00C04F79EFBC}") = "declare List and assign some values", "declare List and assign some values\declare List and assign some values.csproj", "{8E99A1ED-B1D4-4509-A9C5-6A861613E573}"
EndProject
Global
	GlobalSection(SolutionConfigurationPlatforms) = preSolution
		Debug|Any CPU = Debug|Any CPU
		Release|Any CPU = Release|Any CPU
	EndGlobalSection
	GlobalSection(ProjectConfigurationPlatforms) = postSolution
		{8E99A1ED-B1D4-4509-A9C5-6A861613E573}.Debug|Any CPU.ActiveCfg = Debug|Any CPU
		{8E99A1ED-B1D4-4509-A9C5-6A861613E573}.Debug|Any CPU.Build.0 = Debug|Any CPU
		{8E99A1ED-B1D4-4509-A9C5-6A861613E573}.Release|Any CPU.ActiveCfg = Release|Any CPU
		{8E99A1ED-B1D4-4509-A9C5-6A861613E573}.Release|Any CPU.Build.0 = Release|Any CPU
	EndGlobalSection
	GlobalSection(SolutionProperties) = preSolution
		HideSolutionNode = FALSE
	EndGlobalSection
	GlobalSection(ExtensibilityGlobals) = postSolution
		SolutionGuid = {4EE269F9-D1B9-4A39-9EF5-2DD3150DD770}
	EndGlobalSection
EndGlobal
