
Microsoft Visual Studio Solution File, Format Version 12.00
# Visual Studio Version 17
VisualStudioVersion = 17.0.32126.317
MinimumVisualStudioVersion = 10.0.40219.1
Project("{FAE04EC0-301F-11D3-BF4B-00C04F79EFBC}") = "DataAccesLibrary", "DataAccesLibrary\DataAccesLibrary.csproj", "{793D9C63-8A33-422F-BCE3-E5A43C81BA85}"
EndProject
Project("{FAE04EC0-301F-11D3-BF4B-00C04F79EFBC}") = "BiginessLogicLibrary", "BiginessLogicLibrary\BiginessLogicLibrary.csproj", "{A09AE455-EDA8-49BA-B857-CE658565D1EA}"
EndProject
Project("{FAE04EC0-301F-11D3-BF4B-00C04F79EFBC}") = "MyClientApp", "MyClientApp\MyClientApp.csproj", "{DA72B693-49BF-44A2-A66B-8CB8AC76925A}"
EndProject
Global
	GlobalSection(SolutionConfigurationPlatforms) = preSolution
		Debug|Any CPU = Debug|Any CPU
		Release|Any CPU = Release|Any CPU
	EndGlobalSection
	GlobalSection(ProjectConfigurationPlatforms) = postSolution
		{793D9C63-8A33-422F-BCE3-E5A43C81BA85}.Debug|Any CPU.ActiveCfg = Debug|Any CPU
		{793D9C63-8A33-422F-BCE3-E5A43C81BA85}.Debug|Any CPU.Build.0 = Debug|Any CPU
		{793D9C63-8A33-422F-BCE3-E5A43C81BA85}.Release|Any CPU.ActiveCfg = Release|Any CPU
		{793D9C63-8A33-422F-BCE3-E5A43C81BA85}.Release|Any CPU.Build.0 = Release|Any CPU
		{A09AE455-EDA8-49BA-B857-CE658565D1EA}.Debug|Any CPU.ActiveCfg = Debug|Any CPU
		{A09AE455-EDA8-49BA-B857-CE658565D1EA}.Debug|Any CPU.Build.0 = Debug|Any CPU
		{A09AE455-EDA8-49BA-B857-CE658565D1EA}.Release|Any CPU.ActiveCfg = Release|Any CPU
		{A09AE455-EDA8-49BA-B857-CE658565D1EA}.Release|Any CPU.Build.0 = Release|Any CPU
		{DA72B693-49BF-44A2-A66B-8CB8AC76925A}.Debug|Any CPU.ActiveCfg = Debug|Any CPU
		{DA72B693-49BF-44A2-A66B-8CB8AC76925A}.Debug|Any CPU.Build.0 = Debug|Any CPU
		{DA72B693-49BF-44A2-A66B-8CB8AC76925A}.Release|Any CPU.ActiveCfg = Release|Any CPU
		{DA72B693-49BF-44A2-A66B-8CB8AC76925A}.Release|Any CPU.Build.0 = Release|Any CPU
	EndGlobalSection
	GlobalSection(SolutionProperties) = preSolution
		HideSolutionNode = FALSE
	EndGlobalSection
	GlobalSection(ExtensibilityGlobals) = postSolution
		SolutionGuid = {02AECFA1-50EE-484E-A973-398184B06EBC}
	EndGlobalSection
EndGlobal
