
Microsoft Visual Studio Solution File, Format Version 12.00
# Visual Studio Version 17
VisualStudioVersion = 17.0.32126.317
MinimumVisualStudioVersion = 10.0.40219.1
Project("{FAE04EC0-301F-11D3-BF4B-00C04F79EFBC}") = "Day19 project6", "Day19 project6\Day19 project6.csproj", "{0A9C764E-1D1A-4D66-9055-CC3FCD9BCB20}"
EndProject
Global
	GlobalSection(SolutionConfigurationPlatforms) = preSolution
		Debug|Any CPU = Debug|Any CPU
		Release|Any CPU = Release|Any CPU
	EndGlobalSection
	GlobalSection(ProjectConfigurationPlatforms) = postSolution
		{0A9C764E-1D1A-4D66-9055-CC3FCD9BCB20}.Debug|Any CPU.ActiveCfg = Debug|Any CPU
		{0A9C764E-1D1A-4D66-9055-CC3FCD9BCB20}.Debug|Any CPU.Build.0 = Debug|Any CPU
		{0A9C764E-1D1A-4D66-9055-CC3FCD9BCB20}.Release|Any CPU.ActiveCfg = Release|Any CPU
		{0A9C764E-1D1A-4D66-9055-CC3FCD9BCB20}.Release|Any CPU.Build.0 = Release|Any CPU
	EndGlobalSection
	GlobalSection(SolutionProperties) = preSolution
		HideSolutionNode = FALSE
	EndGlobalSection
	GlobalSection(ExtensibilityGlobals) = postSolution
		SolutionGuid = {7966E784-B110-4F0C-9C17-39F94BD16419}
	EndGlobalSection
EndGlobal
