
Microsoft Visual Studio Solution File, Format Version 12.00
# Visual Studio Version 17
VisualStudioVersion = 17.0.32112.339
MinimumVisualStudioVersion = 10.0.40219.1
Project("{FAE04EC0-301F-11D3-BF4B-00C04F79EFBC}") = "Day13 project5", "Day13 project5\Day13 project5.csproj", "{C9B9E002-94F0-4F29-B3B6-DEE0572C9546}"
EndProject
Global
	GlobalSection(SolutionConfigurationPlatforms) = preSolution
		Debug|Any CPU = Debug|Any CPU
		Release|Any CPU = Release|Any CPU
	EndGlobalSection
	GlobalSection(ProjectConfigurationPlatforms) = postSolution
		{C9B9E002-94F0-4F29-B3B6-DEE0572C9546}.Debug|Any CPU.ActiveCfg = Debug|Any CPU
		{C9B9E002-94F0-4F29-B3B6-DEE0572C9546}.Debug|Any CPU.Build.0 = Debug|Any CPU
		{C9B9E002-94F0-4F29-B3B6-DEE0572C9546}.Release|Any CPU.ActiveCfg = Release|Any CPU
		{C9B9E002-94F0-4F29-B3B6-DEE0572C9546}.Release|Any CPU.Build.0 = Release|Any CPU
	EndGlobalSection
	GlobalSection(SolutionProperties) = preSolution
		HideSolutionNode = FALSE
	EndGlobalSection
	GlobalSection(ExtensibilityGlobals) = postSolution
		SolutionGuid = {8750752F-3B51-4062-91A9-E6CA72A99472}
	EndGlobalSection
EndGlobal
