
Microsoft Visual Studio Solution File, Format Version 12.00
# Visual Studio Version 17
VisualStudioVersion = 17.0.32112.339
MinimumVisualStudioVersion = 10.0.40219.1
Project("{FAE04EC0-301F-11D3-BF4B-00C04F79EFBC}") = "Day9 project5", "Day9 project5\Day9 project5.csproj", "{18757FA9-4380-4CA9-85DA-C6721B5047FC}"
EndProject
Global
	GlobalSection(SolutionConfigurationPlatforms) = preSolution
		Debug|Any CPU = Debug|Any CPU
		Release|Any CPU = Release|Any CPU
	EndGlobalSection
	GlobalSection(ProjectConfigurationPlatforms) = postSolution
		{18757FA9-4380-4CA9-85DA-C6721B5047FC}.Debug|Any CPU.ActiveCfg = Debug|Any CPU
		{18757FA9-4380-4CA9-85DA-C6721B5047FC}.Debug|Any CPU.Build.0 = Debug|Any CPU
		{18757FA9-4380-4CA9-85DA-C6721B5047FC}.Release|Any CPU.ActiveCfg = Release|Any CPU
		{18757FA9-4380-4CA9-85DA-C6721B5047FC}.Release|Any CPU.Build.0 = Release|Any CPU
	EndGlobalSection
	GlobalSection(SolutionProperties) = preSolution
		HideSolutionNode = FALSE
	EndGlobalSection
	GlobalSection(ExtensibilityGlobals) = postSolution
		SolutionGuid = {03549A41-D6A4-488B-9F44-F944B69D8BF5}
	EndGlobalSection
EndGlobal
