
Microsoft Visual Studio Solution File, Format Version 12.00
# Visual Studio Version 17
VisualStudioVersion = 17.0.32112.339
MinimumVisualStudioVersion = 10.0.40219.1
Project("{FAE04EC0-301F-11D3-BF4B-00C04F79EFBC}") = "BhanuLibrary", "BhanuLibrary\BhanuLibrary.csproj", "{09537A71-486E-4B09-BEBE-2155E37D63D8}"
EndProject
Global
	GlobalSection(SolutionConfigurationPlatforms) = preSolution
		Debug|Any CPU = Debug|Any CPU
		Release|Any CPU = Release|Any CPU
	EndGlobalSection
	GlobalSection(ProjectConfigurationPlatforms) = postSolution
		{09537A71-486E-4B09-BEBE-2155E37D63D8}.Debug|Any CPU.ActiveCfg = Debug|Any CPU
		{09537A71-486E-4B09-BEBE-2155E37D63D8}.Debug|Any CPU.Build.0 = Debug|Any CPU
		{09537A71-486E-4B09-BEBE-2155E37D63D8}.Release|Any CPU.ActiveCfg = Release|Any CPU
		{09537A71-486E-4B09-BEBE-2155E37D63D8}.Release|Any CPU.Build.0 = Release|Any CPU
	EndGlobalSection
	GlobalSection(SolutionProperties) = preSolution
		HideSolutionNode = FALSE
	EndGlobalSection
	GlobalSection(ExtensibilityGlobals) = postSolution
		SolutionGuid = {55C97DEB-635B-47EC-AFEE-1F8C0AA95B0F}
	EndGlobalSection
EndGlobal
