
Microsoft Visual Studio Solution File, Format Version 12.00
# Visual Studio Version 17
VisualStudioVersion = 17.0.32112.339
MinimumVisualStudioVersion = 10.0.40219.1
Project("{FAE04EC0-301F-11D3-BF4B-00C04F79EFBC}") = "Day9 project3", "Day9 project3\Day9 project3.csproj", "{41C991A5-6DCA-48C2-AF9E-FD77F19AAF41}"
EndProject
Global
	GlobalSection(SolutionConfigurationPlatforms) = preSolution
		Debug|Any CPU = Debug|Any CPU
		Release|Any CPU = Release|Any CPU
	EndGlobalSection
	GlobalSection(ProjectConfigurationPlatforms) = postSolution
		{41C991A5-6DCA-48C2-AF9E-FD77F19AAF41}.Debug|Any CPU.ActiveCfg = Debug|Any CPU
		{41C991A5-6DCA-48C2-AF9E-FD77F19AAF41}.Debug|Any CPU.Build.0 = Debug|Any CPU
		{41C991A5-6DCA-48C2-AF9E-FD77F19AAF41}.Release|Any CPU.ActiveCfg = Release|Any CPU
		{41C991A5-6DCA-48C2-AF9E-FD77F19AAF41}.Release|Any CPU.Build.0 = Release|Any CPU
	EndGlobalSection
	GlobalSection(SolutionProperties) = preSolution
		HideSolutionNode = FALSE
	EndGlobalSection
	GlobalSection(ExtensibilityGlobals) = postSolution
		SolutionGuid = {0B06A92D-631B-4E28-870D-50DC0BA269EA}
	EndGlobalSection
EndGlobal
