
Microsoft Visual Studio Solution File, Format Version 12.00
# Visual Studio Version 17
VisualStudioVersion = 17.0.32112.339
MinimumVisualStudioVersion = 10.0.40219.1
Project("{FAE04EC0-301F-11D3-BF4B-00C04F79EFBC}") = "sum using for each loop by array", "sum using for each loop by array\sum using for each loop by array.csproj", "{3AF9F46C-B19B-41DD-9CE5-D139D3DEB170}"
EndProject
Global
	GlobalSection(SolutionConfigurationPlatforms) = preSolution
		Debug|Any CPU = Debug|Any CPU
		Release|Any CPU = Release|Any CPU
	EndGlobalSection
	GlobalSection(ProjectConfigurationPlatforms) = postSolution
		{3AF9F46C-B19B-41DD-9CE5-D139D3DEB170}.Debug|Any CPU.ActiveCfg = Debug|Any CPU
		{3AF9F46C-B19B-41DD-9CE5-D139D3DEB170}.Debug|Any CPU.Build.0 = Debug|Any CPU
		{3AF9F46C-B19B-41DD-9CE5-D139D3DEB170}.Release|Any CPU.ActiveCfg = Release|Any CPU
		{3AF9F46C-B19B-41DD-9CE5-D139D3DEB170}.Release|Any CPU.Build.0 = Release|Any CPU
	EndGlobalSection
	GlobalSection(SolutionProperties) = preSolution
		HideSolutionNode = FALSE
	EndGlobalSection
	GlobalSection(ExtensibilityGlobals) = postSolution
		SolutionGuid = {4A3F2887-37A0-4E58-8908-2EA909B644CC}
	EndGlobalSection
EndGlobal
