
Microsoft Visual Studio Solution File, Format Version 12.00
# Visual Studio Version 17
VisualStudioVersion = 17.0.32112.339
MinimumVisualStudioVersion = 10.0.40219.1
Project("{FAE04EC0-301F-11D3-BF4B-00C04F79EFBC}") = "Day10 project1", "Day10 project1\Day10 project1.csproj", "{2597142C-DC22-4F64-95C8-AA200A8C0352}"
EndProject
Global
	GlobalSection(SolutionConfigurationPlatforms) = preSolution
		Debug|Any CPU = Debug|Any CPU
		Release|Any CPU = Release|Any CPU
	EndGlobalSection
	GlobalSection(ProjectConfigurationPlatforms) = postSolution
		{2597142C-DC22-4F64-95C8-AA200A8C0352}.Debug|Any CPU.ActiveCfg = Debug|Any CPU
		{2597142C-DC22-4F64-95C8-AA200A8C0352}.Debug|Any CPU.Build.0 = Debug|Any CPU
		{2597142C-DC22-4F64-95C8-AA200A8C0352}.Release|Any CPU.ActiveCfg = Release|Any CPU
		{2597142C-DC22-4F64-95C8-AA200A8C0352}.Release|Any CPU.Build.0 = Release|Any CPU
	EndGlobalSection
	GlobalSection(SolutionProperties) = preSolution
		HideSolutionNode = FALSE
	EndGlobalSection
	GlobalSection(ExtensibilityGlobals) = postSolution
		SolutionGuid = {A6C531BC-3C31-435D-9C72-5E1CEC9A8E77}
	EndGlobalSection
EndGlobal
