
Microsoft Visual Studio Solution File, Format Version 12.00
# Visual Studio Version 17
VisualStudioVersion = 17.0.32112.339
MinimumVisualStudioVersion = 10.0.40219.1
Project("{FAE04EC0-301F-11D3-BF4B-00C04F79EFBC}") = "Day14 project6", "Day14 project6\Day14 project6.csproj", "{8C72401C-EAD2-4E31-92D5-B4FA544C5040}"
EndProject
Global
	GlobalSection(SolutionConfigurationPlatforms) = preSolution
		Debug|Any CPU = Debug|Any CPU
		Release|Any CPU = Release|Any CPU
	EndGlobalSection
	GlobalSection(ProjectConfigurationPlatforms) = postSolution
		{8C72401C-EAD2-4E31-92D5-B4FA544C5040}.Debug|Any CPU.ActiveCfg = Debug|Any CPU
		{8C72401C-EAD2-4E31-92D5-B4FA544C5040}.Debug|Any CPU.Build.0 = Debug|Any CPU
		{8C72401C-EAD2-4E31-92D5-B4FA544C5040}.Release|Any CPU.ActiveCfg = Release|Any CPU
		{8C72401C-EAD2-4E31-92D5-B4FA544C5040}.Release|Any CPU.Build.0 = Release|Any CPU
	EndGlobalSection
	GlobalSection(SolutionProperties) = preSolution
		HideSolutionNode = FALSE
	EndGlobalSection
	GlobalSection(ExtensibilityGlobals) = postSolution
		SolutionGuid = {83B4169E-5FB6-456D-8CCB-A92B863C762A}
	EndGlobalSection
EndGlobal
