
Microsoft Visual Studio Solution File, Format Version 12.00
# Visual Studio Version 17
VisualStudioVersion = 17.0.32112.339
MinimumVisualStudioVersion = 10.0.40219.1
Project("{FAE04EC0-301F-11D3-BF4B-00C04F79EFBC}") = "ArrayList and assign some values", "ArrayList and assign some values\ArrayList and assign some values.csproj", "{74F8738E-1631-4F10-8A2A-C7640BC250BC}"
EndProject
Global
	GlobalSection(SolutionConfigurationPlatforms) = preSolution
		Debug|Any CPU = Debug|Any CPU
		Release|Any CPU = Release|Any CPU
	EndGlobalSection
	GlobalSection(ProjectConfigurationPlatforms) = postSolution
		{74F8738E-1631-4F10-8A2A-C7640BC250BC}.Debug|Any CPU.ActiveCfg = Debug|Any CPU
		{74F8738E-1631-4F10-8A2A-C7640BC250BC}.Debug|Any CPU.Build.0 = Debug|Any CPU
		{74F8738E-1631-4F10-8A2A-C7640BC250BC}.Release|Any CPU.ActiveCfg = Release|Any CPU
		{74F8738E-1631-4F10-8A2A-C7640BC250BC}.Release|Any CPU.Build.0 = Release|Any CPU
	EndGlobalSection
	GlobalSection(SolutionProperties) = preSolution
		HideSolutionNode = FALSE
	EndGlobalSection
	GlobalSection(ExtensibilityGlobals) = postSolution
		SolutionGuid = {0B11F6AC-983F-43C5-ADCA-72BF66375BF5}
	EndGlobalSection
EndGlobal
