
Microsoft Visual Studio Solution File, Format Version 12.00
# Visual Studio Version 17
VisualStudioVersion = 17.0.32112.339
MinimumVisualStudioVersion = 10.0.40219.1
Project("{FAE04EC0-301F-11D3-BF4B-00C04F79EFBC}") = "Day14 project7", "Day14 project7\Day14 project7.csproj", "{831028D5-5C87-44C3-8776-3F2A1FE8D359}"
EndProject
Global
	GlobalSection(SolutionConfigurationPlatforms) = preSolution
		Debug|Any CPU = Debug|Any CPU
		Release|Any CPU = Release|Any CPU
	EndGlobalSection
	GlobalSection(ProjectConfigurationPlatforms) = postSolution
		{831028D5-5C87-44C3-8776-3F2A1FE8D359}.Debug|Any CPU.ActiveCfg = Debug|Any CPU
		{831028D5-5C87-44C3-8776-3F2A1FE8D359}.Debug|Any CPU.Build.0 = Debug|Any CPU
		{831028D5-5C87-44C3-8776-3F2A1FE8D359}.Release|Any CPU.ActiveCfg = Release|Any CPU
		{831028D5-5C87-44C3-8776-3F2A1FE8D359}.Release|Any CPU.Build.0 = Release|Any CPU
	EndGlobalSection
	GlobalSection(SolutionProperties) = preSolution
		HideSolutionNode = FALSE
	EndGlobalSection
	GlobalSection(ExtensibilityGlobals) = postSolution
		SolutionGuid = {17DFCF90-4BC4-4D9E-83E0-5A9C1BD0EF7D}
	EndGlobalSection
EndGlobal
