
Microsoft Visual Studio Solution File, Format Version 12.00
# Visual Studio Version 17
VisualStudioVersion = 17.0.32126.317
MinimumVisualStudioVersion = 10.0.40219.1
Project("{FAE04EC0-301F-11D3-BF4B-00C04F79EFBC}") = "Day20 project5", "Day20 project5\Day20 project5.csproj", "{D68B5534-B24B-4E9A-B67C-D9480C5CC487}"
EndProject
Global
	GlobalSection(SolutionConfigurationPlatforms) = preSolution
		Debug|Any CPU = Debug|Any CPU
		Release|Any CPU = Release|Any CPU
	EndGlobalSection
	GlobalSection(ProjectConfigurationPlatforms) = postSolution
		{D68B5534-B24B-4E9A-B67C-D9480C5CC487}.Debug|Any CPU.ActiveCfg = Debug|Any CPU
		{D68B5534-B24B-4E9A-B67C-D9480C5CC487}.Debug|Any CPU.Build.0 = Debug|Any CPU
		{D68B5534-B24B-4E9A-B67C-D9480C5CC487}.Release|Any CPU.ActiveCfg = Release|Any CPU
		{D68B5534-B24B-4E9A-B67C-D9480C5CC487}.Release|Any CPU.Build.0 = Release|Any CPU
	EndGlobalSection
	GlobalSection(SolutionProperties) = preSolution
		HideSolutionNode = FALSE
	EndGlobalSection
	GlobalSection(ExtensibilityGlobals) = postSolution
		SolutionGuid = {2BBE7C33-B065-4D42-820B-3FC5358F4CB7}
	EndGlobalSection
EndGlobal
