
Microsoft Visual Studio Solution File, Format Version 12.00
# Visual Studio Version 17
VisualStudioVersion = 17.0.32112.339
MinimumVisualStudioVersion = 10.0.40219.1
Project("{FAE04EC0-301F-11D3-BF4B-00C04F79EFBC}") = "Day7 project3", "Day7 project3\Day7 project3.csproj", "{DC5DB43D-C349-4A6A-9BB9-ABD824A17916}"
EndProject
Global
	GlobalSection(SolutionConfigurationPlatforms) = preSolution
		Debug|Any CPU = Debug|Any CPU
		Release|Any CPU = Release|Any CPU
	EndGlobalSection
	GlobalSection(ProjectConfigurationPlatforms) = postSolution
		{DC5DB43D-C349-4A6A-9BB9-ABD824A17916}.Debug|Any CPU.ActiveCfg = Debug|Any CPU
		{DC5DB43D-C349-4A6A-9BB9-ABD824A17916}.Debug|Any CPU.Build.0 = Debug|Any CPU
		{DC5DB43D-C349-4A6A-9BB9-ABD824A17916}.Release|Any CPU.ActiveCfg = Release|Any CPU
		{DC5DB43D-C349-4A6A-9BB9-ABD824A17916}.Release|Any CPU.Build.0 = Release|Any CPU
	EndGlobalSection
	GlobalSection(SolutionProperties) = preSolution
		HideSolutionNode = FALSE
	EndGlobalSection
	GlobalSection(ExtensibilityGlobals) = postSolution
		SolutionGuid = {9FBA8DE1-8B91-42F8-9C86-0D9BEB616770}
	EndGlobalSection
EndGlobal
